
Microsoft Visual Studio Solution File, Format Version 12.00
# Visual Studio Version 17
VisualStudioVersion = 17.1.32421.90
MinimumVisualStudioVersion = 10.0.40219.1
Project("{FAE04EC0-301F-11D3-BF4B-00C04F79EFBC}") = "AzureTesting", "AzureTesting\AzureTesting.csproj", "{3F3CEBE1-EECC-4E09-94E0-08F138E19843}"
EndProject
Global
	GlobalSection(SolutionConfigurationPlatforms) = preSolution
		Debug|Any CPU = Debug|Any CPU
		Release|Any CPU = Release|Any CPU
	EndGlobalSection
	GlobalSection(ProjectConfigurationPlatforms) = postSolution
		{3F3CEBE1-EECC-4E09-94E0-08F138E19843}.Debug|Any CPU.ActiveCfg = Debug|Any CPU
		{3F3CEBE1-EECC-4E09-94E0-08F138E19843}.Debug|Any CPU.Build.0 = Debug|Any CPU
		{3F3CEBE1-EECC-4E09-94E0-08F138E19843}.Release|Any CPU.ActiveCfg = Release|Any CPU
		{3F3CEBE1-EECC-4E09-94E0-08F138E19843}.Release|Any CPU.Build.0 = Release|Any CPU
	EndGlobalSection
	GlobalSection(SolutionProperties) = preSolution
		HideSolutionNode = FALSE
	EndGlobalSection
	GlobalSection(ExtensibilityGlobals) = postSolution
		SolutionGuid = {6EEA144F-51B6-4237-8150-C365826BD9C1}
	EndGlobalSection
EndGlobal
